// !$*UTF8*$!
{
	archiveVersion = 1;
	classes = {
	};
	objectVersion = 50;
	objects = {

/* Begin PBXBuildFile section */
		3D43BA23226202130046A802 /* AppDelegate.swift in Sources */ = {isa = PBXBuildFile; fileRef = 3D43BA22226202130046A802 /* AppDelegate.swift */; };
		3D43BA28226202130046A802 /* Main.storyboard in Resources */ = {isa = PBXBuildFile; fileRef = 3D43BA26226202130046A802 /* Main.storyboard */; };
		3D43BA2B226202130046A802 /* Fotog_raf_Listem.xcdatamodeld in Sources */ = {isa = PBXBuildFile; fileRef = 3D43BA29226202130046A802 /* Fotog_raf_Listem.xcdatamodeld */; };
		3D43BA30226202140046A802 /* LaunchScreen.storyboard in Resources */ = {isa = PBXBuildFile; fileRef = 3D43BA2E226202140046A802 /* LaunchScreen.storyboard */; };
		3D43BA38226203300046A802 /* TableViewController.swift in Sources */ = {isa = PBXBuildFile; fileRef = 3D43BA37226203300046A802 /* TableViewController.swift */; };
		3D43BA3A226203410046A802 /* TableViewCell.swift in Sources */ = {isa = PBXBuildFile; fileRef = 3D43BA39226203410046A802 /* TableViewCell.swift */; };
		3D43BA3E22620B940046A802 /* Entity.swift in Sources */ = {isa = PBXBuildFile; fileRef = 3D43BA3D22620B940046A802 /* Entity.swift */; };
		3D43BA4422622A120046A802 /* CoreData.framework in Frameworks */ = {isa = PBXBuildFile; fileRef = 3D43BA4322622A120046A802 /* CoreData.framework */; };
		3D43BA4822630C650046A802 /* addPhotoViewController.swift in Sources */ = {isa = PBXBuildFile; fileRef = 3D43BA4722630C650046A802 /* addPhotoViewController.swift */; };
		D42CC16427E253910093D5A1 /* Assets.xcassets in Resources */ = {isa = PBXBuildFile; fileRef = D42CC16327E253910093D5A1 /* Assets.xcassets */; };
/* End PBXBuildFile section */

/* Begin PBXFileReference section */
		3D43BA1F226202130046A802 /* MyPhotosLibrary.app */ = {isa = PBXFileReference; explicitFileType = wrapper.application; includeInIndex = 0; path = MyPhotosLibrary.app; sourceTree = BUILT_PRODUCTS_DIR; };
		3D43BA22226202130046A802 /* AppDelegate.swift */ = {isa = PBXFileReference; lastKnownFileType = sourcecode.swift; path = AppDelegate.swift; sourceTree = "<group>"; };
		3D43BA27226202130046A802 /* Base */ = {isa = PBXFileReference; lastKnownFileType = file.storyboard; name = Base; path = Base.lproj/Main.storyboard; sourceTree = "<group>"; };
		3D43BA2A226202130046A802 /* Fotog_raf_Listem.xcdatamodel */ = {isa = PBXFileReference; lastKnownFileType = wrapper.xcdatamodel; path = Fotog_raf_Listem.xcdatamodel; sourceTree = "<group>"; };
		3D43BA2F226202140046A802 /* Base */ = {isa = PBXFileReference; lastKnownFileType = file.storyboard; name = Base; path = Base.lproj/LaunchScreen.storyboard; sourceTree = "<group>"; };
		3D43BA31226202140046A802 /* Info.plist */ = {isa = PBXFileReference; lastKnownFileType = text.plist.xml; path = Info.plist; sourceTree = "<group>"; };
		3D43BA37226203300046A802 /* TableViewController.swift */ = {isa = PBXFileReference; lastKnownFileType = sourcecode.swift; path = TableViewController.swift; sourceTree = "<group>"; };
		3D43BA39226203410046A802 /* TableViewCell.swift */ = {isa = PBXFileReference; lastKnownFileType = sourcecode.swift; path = TableViewCell.swift; sourceTree = "<group>"; };
		3D43BA3D22620B940046A802 /* Entity.swift */ = {isa = PBXFileReference; lastKnownFileType = sourcecode.swift; path = Entity.swift; sourceTree = "<group>"; };
		3D43BA4322622A120046A802 /* CoreData.framework */ = {isa = PBXFileReference; lastKnownFileType = wrapper.framework; name = CoreData.framework; path = System/Library/Frameworks/CoreData.framework; sourceTree = SDKROOT; };
		3D43BA4722630C650046A802 /* addPhotoViewController.swift */ = {isa = PBXFileReference; lastKnownFileType = sourcecode.swift; path = addPhotoViewController.swift; sourceTree = "<group>"; };
		D42CC16327E253910093D5A1 /* Assets.xcassets */ = {isa = PBXFileReference; lastKnownFileType = folder.assetcatalog; name = Assets.xcassets; path = ../Assets.xcassets; sourceTree = "<group>"; };
/* End PBXFileReference section */

/* Begin PBXFrameworksBuildPhase section */
		3D43BA1C226202130046A802 /* Frameworks */ = {
			isa = PBXFrameworksBuildPhase;
			buildActionMask = 2147483647;
			files = (
				3D43BA4422622A120046A802 /* CoreData.framework in Frameworks */,
			);
			runOnlyForDeploymentPostprocessing = 0;
		};
/* End PBXFrameworksBuildPhase section */

/* Begin PBXGroup section */
		3D43BA16226202130046A802 = {
			isa = PBXGroup;
			children = (
				3D43BA21226202130046A802 /* MyPhotosLibrary */,
				3D43BA20226202130046A802 /* Products */,
				3D43BA4222622A120046A802 /* Frameworks */,
			);
			sourceTree = "<group>";
		};
		3D43BA20226202130046A802 /* Products */ = {
			isa = PBXGroup;
			children = (
				3D43BA1F226202130046A802 /* MyPhotosLibrary.app */,
			);
			name = Products;
			sourceTree = "<group>";
		};
		3D43BA21226202130046A802 /* MyPhotosLibrary */ = {
			isa = PBXGroup;
			children = (
				3D43BA22226202130046A802 /* AppDelegate.swift */,
				3D43BA37226203300046A802 /* TableViewController.swift */,
				3D43BA39226203410046A802 /* TableViewCell.swift */,
				3D43BA4722630C650046A802 /* addPhotoViewController.swift */,
				3D43BA3D22620B940046A802 /* Entity.swift */,
				3D43BA26226202130046A802 /* Main.storyboard */,
				3D43BA2E226202140046A802 /* LaunchScreen.storyboard */,
				3D43BA31226202140046A802 /* Info.plist */,
				3D43BA29226202130046A802 /* Fotog_raf_Listem.xcdatamodeld */,
				D42CC16327E253910093D5A1 /* Assets.xcassets */,
			);
			path = MyPhotosLibrary;
			sourceTree = "<group>";
		};
		3D43BA4222622A120046A802 /* Frameworks */ = {
			isa = PBXGroup;
			children = (
				3D43BA4322622A120046A802 /* CoreData.framework */,
			);
			name = Frameworks;
			sourceTree = "<group>";
		};
/* End PBXGroup section */

/* Begin PBXNativeTarget section */
		3D43BA1E226202130046A802 /* MyPhotosLibrary */ = {
			isa = PBXNativeTarget;
			buildConfigurationList = 3D43BA34226202140046A802 /* Build configuration list for PBXNativeTarget "MyPhotosLibrary" */;
			buildPhases = (
				3D43BA1B226202130046A802 /* Sources */,
				3D43BA1C226202130046A802 /* Frameworks */,
				3D43BA1D226202130046A802 /* Resources */,
			);
			buildRules = (
			);
			dependencies = (
			);
			name = MyPhotosLibrary;
			productName = "Fotoğraf Listem";
			productReference = 3D43BA1F226202130046A802 /* MyPhotosLibrary.app */;
			productType = "com.apple.product-type.application";
		};
/* End PBXNativeTarget section */

/* Begin PBXProject section */
		3D43BA17226202130046A802 /* Project object */ = {
			isa = PBXProject;
			attributes = {
				LastSwiftUpdateCheck = 1020;
				LastUpgradeCheck = 1020;
				ORGANIZATIONNAME = "Furkan Sabaz";
				TargetAttributes = {
					3D43BA1E226202130046A802 = {
						CreatedOnToolsVersion = 10.2;
					};
				};
			};
			buildConfigurationList = 3D43BA1A226202130046A802 /* Build configuration list for PBXProject "MyPhotosLibrary" */;
			compatibilityVersion = "Xcode 9.3";
			developmentRegion = en;
			hasScannedForEncodings = 0;
			knownRegions = (
				en,
				Base,
			);
			mainGroup = 3D43BA16226202130046A802;
			productRefGroup = 3D43BA20226202130046A802 /* Products */;
			projectDirPath = "";
			projectRoot = "";
			targets = (
				3D43BA1E226202130046A802 /* MyPhotosLibrary */,
			);
		};
/* End PBXProject section */

/* Begin PBXResourcesBuildPhase section */
		3D43BA1D226202130046A802 /* Resources */ = {
			isa = PBXResourcesBuildPhase;
			buildActionMask = 2147483647;
			files = (
				3D43BA30226202140046A802 /* LaunchScreen.storyboard in Resources */,
				D42CC16427E253910093D5A1 /* Assets.xcassets in Resources */,
				3D43BA28226202130046A802 /* Main.storyboard in Resources */,
			);
			runOnlyForDeploymentPostprocessing = 0;
		};
/* End PBXResourcesBuildPhase section */

/* Begin PBXSourcesBuildPhase section */
		3D43BA1B226202130046A802 /* Sources */ = {
			isa = PBXSourcesBuildPhase;
			buildActionMask = 2147483647;
			files = (
				3D43BA2B226202130046A802 /* Fotog_raf_Listem.xcdatamodeld in Sources */,
				3D43BA3E22620B940046A802 /* Entity.swift in Sources */,
				3D43BA3A226203410046A802 /* TableViewCell.swift in Sources */,
				3D43BA38226203300046A802 /* TableViewController.swift in Sources */,
				3D43BA23226202130046A802 /* AppDelegate.swift in Sources */,
				3D43BA4822630C650046A802 /* addPhotoViewController.swift in Sources */,
			);
			runOnlyForDeploymentPostprocessing = 0;
		};
/* End PBXSourcesBuildPhase section */

/* Begin PBXVariantGroup section */
		3D43BA26226202130046A802 /* Main.storyboard */ = {
			isa = PBXVariantGroup;
			children = (
				3D43BA27226202130046A802 /* Base */,
			);
			name = Main.storyboard;
			sourceTree = "<group>";
		};
		3D43BA2E226202140046A802 /* LaunchScreen.storyboard */ = {
			isa = PBXVariantGroup;
			children = (
				3D43BA2F226202140046A802 /* Base */,
			);
			name = LaunchScreen.storyboard;
			sourceTree = "<group>";
		};
/* End PBXVariantGroup section */

/* Begin XCBuildConfiguration section */
		3D43BA32226202140046A802 /* Debug */ = {
			isa = XCBuildConfiguration;
			buildSettings = {
				ALWAYS_SEARCH_USER_PATHS = NO;
				CLANG_ANALYZER_NONNULL = YES;
				CLANG_ANALYZER_NUMBER_OBJECT_CONVERSION = YES_AGGRESSIVE;
				CLANG_CXX_LANGUAGE_STANDARD = "gnu++14";
				CLANG_CXX_LIBRARY = "libc++";
				CLANG_ENABLE_MODULES = YES;
				CLANG_ENABLE_OBJC_ARC = YES;
				CLANG_ENABLE_OBJC_WEAK = YES;
				CLANG_WARN_BLOCK_CAPTURE_AUTORELEASING = YES;
				CLANG_WARN_BOOL_CONVERSION = YES;
				CLANG_WARN_COMMA = YES;
				CLANG_WARN_CONSTANT_CONVERSION = YES;
				CLANG_WARN_DEPRECATED_OBJC_IMPLEMENTATIONS = YES;
				CLANG_WARN_DIRECT_OBJC_ISA_USAGE = YES_ERROR;
				CLANG_WARN_DOCUMENTATION_COMMENTS = YES;
				CLANG_WARN_EMPTY_BODY = YES;
				CLANG_WARN_ENUM_CONVERSION = YES;
				CLANG_WARN_INFINITE_RECURSION = YES;
				CLANG_WARN_INT_CONVERSION = YES;
				CLANG_WARN_NON_LITERAL_NULL_CONVERSION = YES;
				CLANG_WARN_OBJC_IMPLICIT_RETAIN_SELF = YES;
				CLANG_WARN_OBJC_LITERAL_CONVERSION = YES;
				CLANG_WARN_OBJC_ROOT_CLASS = YES_ERROR;
				CLANG_WARN_RANGE_LOOP_ANALYSIS = YES;
				CLANG_WARN_STRICT_PROTOTYPES = YES;
				CLANG_WARN_SUSPICIOUS_MOVE = YES;
				CLANG_WARN_UNGUARDED_AVAILABILITY = YES_AGGRESSIVE;
				CLANG_WARN_UNREACHABLE_CODE = YES;
				CLANG_WARN__DUPLICATE_METHOD_MATCH = YES;
				CODE_SIGN_IDENTITY = "iPhone Developer";
				COPY_PHASE_STRIP = NO;
				DEBUG_INFORMATION_FORMAT = dwarf;
				ENABLE_STRICT_OBJC_MSGSEND = YES;
				ENABLE_TESTABILITY = YES;
				GCC_C_LANGUAGE_STANDARD = gnu11;
				GCC_DYNAMIC_NO_PIC = NO;
				GCC_NO_COMMON_BLOCKS = YES;
				GCC_OPTIMIZATION_LEVEL = 0;
				GCC_PREPROCESSOR_DEFINITIONS = (
					"DEBUG=1",
					"$(inherited)",
				);
				GCC_WARN_64_TO_32_BIT_CONVERSION = YES;
				GCC_WARN_ABOUT_RETURN_TYPE = YES_ERROR;
				GCC_WARN_UNDECLARED_SELECTOR = YES;
				GCC_WARN_UNINITIALIZED_AUTOS = YES_AGGRESSIVE;
				GCC_WARN_UNUSED_FUNCTION = YES;
				GCC_WARN_UNUSED_VARIABLE = YES;
				IPHONEOS_DEPLOYMENT_TARGET = 12.2;
				MTL_ENABLE_DEBUG_INFO = INCLUDE_SOURCE;
				MTL_FAST_MATH = YES;
				ONLY_ACTIVE_ARCH = YES;
				SDKROOT = iphoneos;
				SWIFT_ACTIVE_COMPILATION_CONDITIONS = DEBUG;
				SWIFT_OPTIMIZATION_LEVEL = "-Onone";
			};
			name = Debug;
		};
		3D43BA33226202140046A802 /* Release */ = {
			isa = XCBuildConfiguration;
			buildSettings = {
				ALWAYS_SEARCH_USER_PATHS = NO;
				CLANG_ANALYZER_NONNULL = YES;
				CLANG_ANALYZER_NUMBER_OBJECT_CONVERSION = YES_AGGRESSIVE;
				CLANG_CXX_LANGUAGE_STANDARD = "gnu++14";
				CLANG_CXX_LIBRARY = "libc++";
				CLANG_ENABLE_MODULES = YES;
				CLANG_ENABLE_OBJC_ARC = YES;
				CLANG_ENABLE_OBJC_WEAK = YES;
				CLANG_WARN_BLOCK_CAPTURE_AUTORELEASING = YES;
				CLANG_WARN_BOOL_CONVERSION = YES;
				CLANG_WARN_COMMA = YES;
				CLANG_WARN_CONSTANT_CONVERSION = YES;
				CLANG_WARN_DEPRECATED_OBJC_IMPLEMENTATIONS = YES;
				CLANG_WARN_DIRECT_OBJC_ISA_USAGE = YES_ERROR;
				CLANG_WARN_DOCUMENTATION_COMMENTS = YES;
				CLANG_WARN_EMPTY_BODY = YES;
				CLANG_WARN_ENUM_CONVERSION = YES;
				CLANG_WARN_INFINITE_RECURSION = YES;
				CLANG_WARN_INT_CONVERSION = YES;
				CLANG_WARN_NON_LITERAL_NULL_CONVERSION = YES;
				CLANG_WARN_OBJC_IMPLICIT_RETAIN_SELF = YES;
				CLANG_WARN_OBJC_LITERAL_CONVERSION = YES;
				CLANG_WARN_OBJC_ROOT_CLASS = YES_ERROR;
				CLANG_WARN_RANGE_LOOP_ANALYSIS = YES;
				CLANG_WARN_STRICT_PROTOTYPES = YES;
				CLANG_WARN_SUSPICIOUS_MOVE = YES;
				CLANG_WARN_UNGUARDED_AVAILABILITY = YES_AGGRESSIVE;
				CLANG_WARN_UNREACHABLE_CODE = YES;
				CLANG_WARN__DUPLICATE_METHOD_MATCH = YES;
				CODE_SIGN_IDENTITY = "iPhone Developer";
				COPY_PHASE_STRIP = NO;
				DEBUG_INFORMATION_FORMAT = "dwarf-with-dsym";
				ENABLE_NS_ASSERTIONS = NO;
				ENABLE_STRICT_OBJC_MSGSEND = YES;
				GCC_C_LANGUAGE_STANDARD = gnu11;
				GCC_NO_COMMON_BLOCKS = YES;
				GCC_WARN_64_TO_32_BIT_CONVERSION = YES;
				GCC_WARN_ABOUT_RETURN_TYPE = YES_ERROR;
				GCC_WARN_UNDECLARED_SELECTOR = YES;
				GCC_WARN_UNINITIALIZED_AUTOS = YES_AGGRESSIVE;
				GCC_WARN_UNUSED_FUNCTION = YES;
				GCC_WARN_UNUSED_VARIABLE = YES;
				IPHONEOS_DEPLOYMENT_TARGET = 12.2;
				MTL_ENABLE_DEBUG_INFO = NO;
				MTL_FAST_MATH = YES;
				SDKROOT = iphoneos;
				SWIFT_COMPILATION_MODE = wholemodule;
				SWIFT_OPTIMIZATION_LEVEL = "-O";
				VALIDATE_PRODUCT = YES;
			};
			name = Release;
		};
		3D43BA35226202140046A802 /* Debug */ = {
			isa = XCBuildConfiguration;
			buildSettings = {
				ASSETCATALOG_COMPILER_APPICON_NAME = AppIcon;
				CODE_SIGN_STYLE = Automatic;
				DEVELOPMENT_TEAM = F4K4K2C333;
				INFOPLIST_FILE = "$(SRCROOT)/MyPhotosLibrary/Info.plist";
				LD_RUNPATH_SEARCH_PATHS = (
					"$(inherited)",
					"@executable_path/Frameworks",
				);
				PRODUCT_BUNDLE_IDENTIFIER = Muratsaaglam.MyPhotosLibrary;
				PRODUCT_NAME = "$(TARGET_NAME)";
				SWIFT_VERSION = 5.0;
				TARGETED_DEVICE_FAMILY = "1,2";
			};
			name = Debug;
		};
		3D43BA36226202140046A802 /* Release */ = {
			isa = XCBuildConfiguration;
			buildSettings = {
				ASSETCATALOG_COMPILER_APPICON_NAME = AppIcon;
				CODE_SIGN_STYLE = Automatic;
				DEVELOPMENT_TEAM = F4K4K2C333;
				INFOPLIST_FILE = "$(SRCROOT)/MyPhotosLibrary/Info.plist";
				LD_RUNPATH_SEARCH_PATHS = (
					"$(inherited)",
					"@executable_path/Frameworks",
				);
				PRODUCT_BUNDLE_IDENTIFIER = Muratsaaglam.MyPhotosLibrary;
				PRODUCT_NAME = "$(TARGET_NAME)";
				SWIFT_VERSION = 5.0;
				TARGETED_DEVICE_FAMILY = "1,2";
			};
			name = Release;
		};
/* End XCBuildConfiguration section */

/* Begin XCConfigurationList section */
		3D43BA1A226202130046A802 /* Build configuration list for PBXProject "MyPhotosLibrary" */ = {
			isa = XCConfigurationList;
			buildConfigurations = (
				3D43BA32226202140046A802 /* Debug */,
				3D43BA33226202140046A802 /* Release */,
			);
			defaultConfigurationIsVisible = 0;
			defaultConfigurationName = Release;
		};
		3D43BA34226202140046A802 /* Build configuration list for PBXNativeTarget "MyPhotosLibrary" */ = {
			isa = XCConfigurationList;
			buildConfigurations = (
				3D43BA35226202140046A802 /* Debug */,
				3D43BA36226202140046A802 /* Release */,
			);
			defaultConfigurationIsVisible = 0;
			defaultConfigurationName = Release;
		};
/* End XCConfigurationList section */

/* Begin XCVersionGroup section */
		3D43BA29226202130046A802 /* Fotog_raf_Listem.xcdatamodeld */ = {
			isa = XCVersionGroup;
			children = (
				3D43BA2A226202130046A802 /* Fotog_raf_Listem.xcdatamodel */,
			);
			currentVersion = 3D43BA2A226202130046A802 /* Fotog_raf_Listem.xcdatamodel */;
			path = Fotog_raf_Listem.xcdatamodeld;
			sourceTree = "<group>";
			versionGroupType = wrapper.xcdatamodel;
		};
/* End XCVersionGroup section */
	};
	rootObject = 3D43BA17226202130046A802 /* Project object */;
}
