// !$*UTF8*$!
{
	archiveVersion = 1;
	classes = {
	};
	objectVersion = 55;
	objects = {

/* Begin PBXBuildFile section */
		3E27838927FA9F35C6525287 /* Pods_PhotoPicker.framework in Frameworks */ = {isa = PBXBuildFile; fileRef = 74503194FC5C96CE1F775D82 /* Pods_PhotoPicker.framework */; };
		BCC3641D27F64DB900C10C23 /* AppDelegate.swift in Sources */ = {isa = PBXBuildFile; fileRef = BCC3641C27F64DB900C10C23 /* AppDelegate.swift */; };
		BCC3641F27F734D800C10C23 /* NetworkManager.swift in Sources */ = {isa = PBXBuildFile; fileRef = BCC3641E27F734D800C10C23 /* NetworkManager.swift */; };
		BCC3642127F819ED00C10C23 /* SearchResult.swift in Sources */ = {isa = PBXBuildFile; fileRef = BCC3642027F819ED00C10C23 /* SearchResult.swift */; };
		BCC3642327F8440C00C10C23 /* UnsplashImageCell.swift in Sources */ = {isa = PBXBuildFile; fileRef = BCC3642227F8440C00C10C23 /* UnsplashImageCell.swift */; };
		BCCDB40B27E9966300710321 /* SceneDelegate.swift in Sources */ = {isa = PBXBuildFile; fileRef = BCCDB40A27E9966300710321 /* SceneDelegate.swift */; };
		BCCDB40D27E9966300710321 /* PhotoViewController.swift in Sources */ = {isa = PBXBuildFile; fileRef = BCCDB40C27E9966300710321 /* PhotoViewController.swift */; };
		BCCDB41227E9966B00710321 /* Assets.xcassets in Resources */ = {isa = PBXBuildFile; fileRef = BCCDB41127E9966B00710321 /* Assets.xcassets */; };
		BCCDB41527E9966B00710321 /* LaunchScreen.storyboard in Resources */ = {isa = PBXBuildFile; fileRef = BCCDB41327E9966B00710321 /* LaunchScreen.storyboard */; };
		BCCDB41D27E996AF00710321 /* MainViewController.swift in Sources */ = {isa = PBXBuildFile; fileRef = BCCDB41C27E996AF00710321 /* MainViewController.swift */; };
		BCCDB42227E998D500710321 /* LoginViewController.swift in Sources */ = {isa = PBXBuildFile; fileRef = BCCDB42127E998D500710321 /* LoginViewController.swift */; };
		BCCDB42427E998E500710321 /* RegistrationViewController.swift in Sources */ = {isa = PBXBuildFile; fileRef = BCCDB42327E998E500710321 /* RegistrationViewController.swift */; };
		BCCDB42627E99A8500710321 /* GoogleService-Info.plist in Resources */ = {isa = PBXBuildFile; fileRef = BCCDB42527E99A8500710321 /* GoogleService-Info.plist */; };
		BCCDB42827E99B4D00710321 /* Constants.swift in Sources */ = {isa = PBXBuildFile; fileRef = BCCDB42727E99B4D00710321 /* Constants.swift */; };
		BCCDB42B27E99BB000710321 /* AuthManager.swift in Sources */ = {isa = PBXBuildFile; fileRef = BCCDB42A27E99BB000710321 /* AuthManager.swift */; };
		BCCDB42D27E99BEE00710321 /* DataManager.swift in Sources */ = {isa = PBXBuildFile; fileRef = BCCDB42C27E99BEE00710321 /* DataManager.swift */; };
		BCCDB42F27E99C5B00710321 /* Extensions.swift in Sources */ = {isa = PBXBuildFile; fileRef = BCCDB42E27E99C5B00710321 /* Extensions.swift */; };
		BCCDB43127E9C13000710321 /* RandomViewController.swift in Sources */ = {isa = PBXBuildFile; fileRef = BCCDB43027E9C13000710321 /* RandomViewController.swift */; };
		BCCDB43427E9C9B300710321 /* ImageCollectionViewCell.swift in Sources */ = {isa = PBXBuildFile; fileRef = BCCDB43327E9C9B300710321 /* ImageCollectionViewCell.swift */; };
		BCCDB43627E9CE4F00710321 /* Image.swift in Sources */ = {isa = PBXBuildFile; fileRef = BCCDB43527E9CE4F00710321 /* Image.swift */; };
		BCCDB43827E9E59500710321 /* SearchViewController.swift in Sources */ = {isa = PBXBuildFile; fileRef = BCCDB43727E9E59500710321 /* SearchViewController.swift */; };
/* End PBXBuildFile section */

/* Begin PBXFileReference section */
		74503194FC5C96CE1F775D82 /* Pods_PhotoPicker.framework */ = {isa = PBXFileReference; explicitFileType = wrapper.framework; includeInIndex = 0; path = Pods_PhotoPicker.framework; sourceTree = BUILT_PRODUCTS_DIR; };
		883D81DAE1FA5AAD4008AC75 /* Pods-PhotoPicker.debug.xcconfig */ = {isa = PBXFileReference; includeInIndex = 1; lastKnownFileType = text.xcconfig; name = "Pods-PhotoPicker.debug.xcconfig"; path = "Target Support Files/Pods-PhotoPicker/Pods-PhotoPicker.debug.xcconfig"; sourceTree = "<group>"; };
		BC6FED4927F8971C001AE091 /* ru */ = {isa = PBXFileReference; lastKnownFileType = text.plist.strings; name = ru; path = ru.lproj/LaunchScreen.strings; sourceTree = "<group>"; };
		BCC3641C27F64DB900C10C23 /* AppDelegate.swift */ = {isa = PBXFileReference; lastKnownFileType = sourcecode.swift; name = AppDelegate.swift; path = ../AppDelegate.swift; sourceTree = "<group>"; };
		BCC3641E27F734D800C10C23 /* NetworkManager.swift */ = {isa = PBXFileReference; lastKnownFileType = sourcecode.swift; path = NetworkManager.swift; sourceTree = "<group>"; };
		BCC3642027F819ED00C10C23 /* SearchResult.swift */ = {isa = PBXFileReference; lastKnownFileType = sourcecode.swift; path = SearchResult.swift; sourceTree = "<group>"; };
		BCC3642227F8440C00C10C23 /* UnsplashImageCell.swift */ = {isa = PBXFileReference; lastKnownFileType = sourcecode.swift; path = UnsplashImageCell.swift; sourceTree = "<group>"; };
		BCCDB40527E9966300710321 /* PhotoPicker.app */ = {isa = PBXFileReference; explicitFileType = wrapper.application; includeInIndex = 0; path = PhotoPicker.app; sourceTree = BUILT_PRODUCTS_DIR; };
		BCCDB40A27E9966300710321 /* SceneDelegate.swift */ = {isa = PBXFileReference; lastKnownFileType = sourcecode.swift; path = SceneDelegate.swift; sourceTree = "<group>"; };
		BCCDB40C27E9966300710321 /* PhotoViewController.swift */ = {isa = PBXFileReference; lastKnownFileType = sourcecode.swift; path = PhotoViewController.swift; sourceTree = "<group>"; };
		BCCDB41127E9966B00710321 /* Assets.xcassets */ = {isa = PBXFileReference; lastKnownFileType = folder.assetcatalog; path = Assets.xcassets; sourceTree = "<group>"; };
		BCCDB41427E9966B00710321 /* Base */ = {isa = PBXFileReference; lastKnownFileType = file.storyboard; name = Base; path = Base.lproj/LaunchScreen.storyboard; sourceTree = "<group>"; };
		BCCDB41627E9966B00710321 /* Info.plist */ = {isa = PBXFileReference; lastKnownFileType = text.plist.xml; path = Info.plist; sourceTree = "<group>"; };
		BCCDB41C27E996AF00710321 /* MainViewController.swift */ = {isa = PBXFileReference; lastKnownFileType = sourcecode.swift; path = MainViewController.swift; sourceTree = "<group>"; };
		BCCDB42127E998D500710321 /* LoginViewController.swift */ = {isa = PBXFileReference; lastKnownFileType = sourcecode.swift; path = LoginViewController.swift; sourceTree = "<group>"; };
		BCCDB42327E998E500710321 /* RegistrationViewController.swift */ = {isa = PBXFileReference; lastKnownFileType = sourcecode.swift; path = RegistrationViewController.swift; sourceTree = "<group>"; };
		BCCDB42527E99A8500710321 /* GoogleService-Info.plist */ = {isa = PBXFileReference; fileEncoding = 4; lastKnownFileType = text.plist.xml; path = "GoogleService-Info.plist"; sourceTree = "<group>"; };
		BCCDB42727E99B4D00710321 /* Constants.swift */ = {isa = PBXFileReference; lastKnownFileType = sourcecode.swift; path = Constants.swift; sourceTree = "<group>"; };
		BCCDB42A27E99BB000710321 /* AuthManager.swift */ = {isa = PBXFileReference; lastKnownFileType = sourcecode.swift; path = AuthManager.swift; sourceTree = "<group>"; };
		BCCDB42C27E99BEE00710321 /* DataManager.swift */ = {isa = PBXFileReference; lastKnownFileType = sourcecode.swift; path = DataManager.swift; sourceTree = "<group>"; };
		BCCDB42E27E99C5B00710321 /* Extensions.swift */ = {isa = PBXFileReference; lastKnownFileType = sourcecode.swift; path = Extensions.swift; sourceTree = "<group>"; };
		BCCDB43027E9C13000710321 /* RandomViewController.swift */ = {isa = PBXFileReference; lastKnownFileType = sourcecode.swift; path = RandomViewController.swift; sourceTree = "<group>"; };
		BCCDB43327E9C9B300710321 /* ImageCollectionViewCell.swift */ = {isa = PBXFileReference; lastKnownFileType = sourcecode.swift; path = ImageCollectionViewCell.swift; sourceTree = "<group>"; };
		BCCDB43527E9CE4F00710321 /* Image.swift */ = {isa = PBXFileReference; lastKnownFileType = sourcecode.swift; path = Image.swift; sourceTree = "<group>"; };
		BCCDB43727E9E59500710321 /* SearchViewController.swift */ = {isa = PBXFileReference; lastKnownFileType = sourcecode.swift; path = SearchViewController.swift; sourceTree = "<group>"; };
		F081B0E5FDF67FA062C58B35 /* Pods-PhotoPicker.release.xcconfig */ = {isa = PBXFileReference; includeInIndex = 1; lastKnownFileType = text.xcconfig; name = "Pods-PhotoPicker.release.xcconfig"; path = "Target Support Files/Pods-PhotoPicker/Pods-PhotoPicker.release.xcconfig"; sourceTree = "<group>"; };
/* End PBXFileReference section */

/* Begin PBXFrameworksBuildPhase section */
		BCCDB40227E9966300710321 /* Frameworks */ = {
			isa = PBXFrameworksBuildPhase;
			buildActionMask = 2147483647;
			files = (
				3E27838927FA9F35C6525287 /* Pods_PhotoPicker.framework in Frameworks */,
			);
			runOnlyForDeploymentPostprocessing = 0;
		};
/* End PBXFrameworksBuildPhase section */

/* Begin PBXGroup section */
		807AC4E211A570BCF64AE71A /* Pods */ = {
			isa = PBXGroup;
			children = (
				883D81DAE1FA5AAD4008AC75 /* Pods-PhotoPicker.debug.xcconfig */,
				F081B0E5FDF67FA062C58B35 /* Pods-PhotoPicker.release.xcconfig */,
			);
			path = Pods;
			sourceTree = "<group>";
		};
		9551DF4FF5B242E7782E0AE0 /* Frameworks */ = {
			isa = PBXGroup;
			children = (
				74503194FC5C96CE1F775D82 /* Pods_PhotoPicker.framework */,
			);
			name = Frameworks;
			sourceTree = "<group>";
		};
		BCCDB3FC27E9966300710321 = {
			isa = PBXGroup;
			children = (
				BCCDB40727E9966300710321 /* PhotoPicker */,
				BCCDB40627E9966300710321 /* Products */,
				807AC4E211A570BCF64AE71A /* Pods */,
				9551DF4FF5B242E7782E0AE0 /* Frameworks */,
			);
			sourceTree = "<group>";
		};
		BCCDB40627E9966300710321 /* Products */ = {
			isa = PBXGroup;
			children = (
				BCCDB40527E9966300710321 /* PhotoPicker.app */,
			);
			name = Products;
			sourceTree = "<group>";
		};
		BCCDB40727E9966300710321 /* PhotoPicker */ = {
			isa = PBXGroup;
			children = (
				BCCDB41C27E996AF00710321 /* MainViewController.swift */,
				BCCDB43227E9C13900710321 /* Tabs */,
				BCCDB42927E99B8C00710321 /* Models */,
				BCCDB42027E998B400710321 /* Auth */,
				BCCDB40A27E9966300710321 /* SceneDelegate.swift */,
				BCC3641C27F64DB900C10C23 /* AppDelegate.swift */,
				BCCDB41127E9966B00710321 /* Assets.xcassets */,
				BCCDB41327E9966B00710321 /* LaunchScreen.storyboard */,
				BCCDB41627E9966B00710321 /* Info.plist */,
				BCCDB42527E99A8500710321 /* GoogleService-Info.plist */,
				BCCDB42727E99B4D00710321 /* Constants.swift */,
				BCCDB42E27E99C5B00710321 /* Extensions.swift */,
			);
			path = PhotoPicker;
			sourceTree = "<group>";
		};
		BCCDB42027E998B400710321 /* Auth */ = {
			isa = PBXGroup;
			children = (
				BCCDB42127E998D500710321 /* LoginViewController.swift */,
				BCCDB42327E998E500710321 /* RegistrationViewController.swift */,
			);
			path = Auth;
			sourceTree = "<group>";
		};
		BCCDB42927E99B8C00710321 /* Models */ = {
			isa = PBXGroup;
			children = (
				BCCDB43527E9CE4F00710321 /* Image.swift */,
				BCC3642027F819ED00C10C23 /* SearchResult.swift */,
				BCCDB42A27E99BB000710321 /* AuthManager.swift */,
				BCCDB42C27E99BEE00710321 /* DataManager.swift */,
				BCC3641E27F734D800C10C23 /* NetworkManager.swift */,
			);
			path = Models;
			sourceTree = "<group>";
		};
		BCCDB43227E9C13900710321 /* Tabs */ = {
			isa = PBXGroup;
			children = (
				BCCDB43E27E9E89300710321 /* Search */,
				BCCDB43D27E9E88700710321 /* RandomImage */,
				BCCDB43C27E9E87300710321 /* Photo */,
			);
			path = Tabs;
			sourceTree = "<group>";
		};
		BCCDB43C27E9E87300710321 /* Photo */ = {
			isa = PBXGroup;
			children = (
				BCCDB40C27E9966300710321 /* PhotoViewController.swift */,
				BCCDB43327E9C9B300710321 /* ImageCollectionViewCell.swift */,
			);
			path = Photo;
			sourceTree = "<group>";
		};
		BCCDB43D27E9E88700710321 /* RandomImage */ = {
			isa = PBXGroup;
			children = (
				BCCDB43027E9C13000710321 /* RandomViewController.swift */,
			);
			path = RandomImage;
			sourceTree = "<group>";
		};
		BCCDB43E27E9E89300710321 /* Search */ = {
			isa = PBXGroup;
			children = (
				BCCDB43727E9E59500710321 /* SearchViewController.swift */,
				BCC3642227F8440C00C10C23 /* UnsplashImageCell.swift */,
			);
			path = Search;
			sourceTree = "<group>";
		};
/* End PBXGroup section */

/* Begin PBXNativeTarget section */
		BCCDB40427E9966300710321 /* PhotoPicker */ = {
			isa = PBXNativeTarget;
			buildConfigurationList = BCCDB41927E9966B00710321 /* Build configuration list for PBXNativeTarget "PhotoPicker" */;
			buildPhases = (
				0FEE1E0A258D0D99C9BC2FD9 /* [CP] Check Pods Manifest.lock */,
				BCCDB40127E9966300710321 /* Sources */,
				BCCDB40227E9966300710321 /* Frameworks */,
				BCCDB40327E9966300710321 /* Resources */,
				F62A22CBF6E1B186E2C8948A /* [CP] Embed Pods Frameworks */,
			);
			buildRules = (
			);
			dependencies = (
			);
			name = PhotoPicker;
			productName = PhotoPicker;
			productReference = BCCDB40527E9966300710321 /* PhotoPicker.app */;
			productType = "com.apple.product-type.application";
		};
/* End PBXNativeTarget section */

/* Begin PBXProject section */
		BCCDB3FD27E9966300710321 /* Project object */ = {
			isa = PBXProject;
			attributes = {
				BuildIndependentTargetsInParallel = 1;
				LastSwiftUpdateCheck = 1320;
				LastUpgradeCheck = 1320;
				TargetAttributes = {
					BCCDB40427E9966300710321 = {
						CreatedOnToolsVersion = 13.2.1;
					};
				};
			};
			buildConfigurationList = BCCDB40027E9966300710321 /* Build configuration list for PBXProject "PhotoPicker" */;
			compatibilityVersion = "Xcode 13.0";
			developmentRegion = en;
			hasScannedForEncodings = 0;
			knownRegions = (
				en,
				Base,
				ru,
			);
			mainGroup = BCCDB3FC27E9966300710321;
			productRefGroup = BCCDB40627E9966300710321 /* Products */;
			projectDirPath = "";
			projectRoot = "";
			targets = (
				BCCDB40427E9966300710321 /* PhotoPicker */,
			);
		};
/* End PBXProject section */

/* Begin PBXResourcesBuildPhase section */
		BCCDB40327E9966300710321 /* Resources */ = {
			isa = PBXResourcesBuildPhase;
			buildActionMask = 2147483647;
			files = (
				BCCDB41527E9966B00710321 /* LaunchScreen.storyboard in Resources */,
				BCCDB42627E99A8500710321 /* GoogleService-Info.plist in Resources */,
				BCCDB41227E9966B00710321 /* Assets.xcassets in Resources */,
			);
			runOnlyForDeploymentPostprocessing = 0;
		};
/* End PBXResourcesBuildPhase section */

/* Begin PBXShellScriptBuildPhase section */
		0FEE1E0A258D0D99C9BC2FD9 /* [CP] Check Pods Manifest.lock */ = {
			isa = PBXShellScriptBuildPhase;
			buildActionMask = 2147483647;
			files = (
			);
			inputFileListPaths = (
			);
			inputPaths = (
				"${PODS_PODFILE_DIR_PATH}/Podfile.lock",
				"${PODS_ROOT}/Manifest.lock",
			);
			name = "[CP] Check Pods Manifest.lock";
			outputFileListPaths = (
			);
			outputPaths = (
				"$(DERIVED_FILE_DIR)/Pods-PhotoPicker-checkManifestLockResult.txt",
			);
			runOnlyForDeploymentPostprocessing = 0;
			shellPath = /bin/sh;
			shellScript = "diff \"${PODS_PODFILE_DIR_PATH}/Podfile.lock\" \"${PODS_ROOT}/Manifest.lock\" > /dev/null\nif [ $? != 0 ] ; then\n    # print error to STDERR\n    echo \"error: The sandbox is not in sync with the Podfile.lock. Run 'pod install' or update your CocoaPods installation.\" >&2\n    exit 1\nfi\n# This output is used by Xcode 'outputs' to avoid re-running this script phase.\necho \"SUCCESS\" > \"${SCRIPT_OUTPUT_FILE_0}\"\n";
			showEnvVarsInLog = 0;
		};
		F62A22CBF6E1B186E2C8948A /* [CP] Embed Pods Frameworks */ = {
			isa = PBXShellScriptBuildPhase;
			buildActionMask = 2147483647;
			files = (
			);
			inputFileListPaths = (
				"${PODS_ROOT}/Target Support Files/Pods-PhotoPicker/Pods-PhotoPicker-frameworks-${CONFIGURATION}-input-files.xcfilelist",
			);
			name = "[CP] Embed Pods Frameworks";
			outputFileListPaths = (
				"${PODS_ROOT}/Target Support Files/Pods-PhotoPicker/Pods-PhotoPicker-frameworks-${CONFIGURATION}-output-files.xcfilelist",
			);
			runOnlyForDeploymentPostprocessing = 0;
			shellPath = /bin/sh;
			shellScript = "\"${PODS_ROOT}/Target Support Files/Pods-PhotoPicker/Pods-PhotoPicker-frameworks.sh\"\n";
			showEnvVarsInLog = 0;
		};
/* End PBXShellScriptBuildPhase section */

/* Begin PBXSourcesBuildPhase section */
		BCCDB40127E9966300710321 /* Sources */ = {
			isa = PBXSourcesBuildPhase;
			buildActionMask = 2147483647;
			files = (
				BCCDB43827E9E59500710321 /* SearchViewController.swift in Sources */,
				BCCDB42227E998D500710321 /* LoginViewController.swift in Sources */,
				BCC3642127F819ED00C10C23 /* SearchResult.swift in Sources */,
				BCCDB42D27E99BEE00710321 /* DataManager.swift in Sources */,
				BCC3642327F8440C00C10C23 /* UnsplashImageCell.swift in Sources */,
				BCC3641D27F64DB900C10C23 /* AppDelegate.swift in Sources */,
				BCC3641F27F734D800C10C23 /* NetworkManager.swift in Sources */,
				BCCDB43427E9C9B300710321 /* ImageCollectionViewCell.swift in Sources */,
				BCCDB42B27E99BB000710321 /* AuthManager.swift in Sources */,
				BCCDB40D27E9966300710321 /* PhotoViewController.swift in Sources */,
				BCCDB43627E9CE4F00710321 /* Image.swift in Sources */,
				BCCDB43127E9C13000710321 /* RandomViewController.swift in Sources */,
				BCCDB42427E998E500710321 /* RegistrationViewController.swift in Sources */,
				BCCDB40B27E9966300710321 /* SceneDelegate.swift in Sources */,
				BCCDB41D27E996AF00710321 /* MainViewController.swift in Sources */,
				BCCDB42F27E99C5B00710321 /* Extensions.swift in Sources */,
				BCCDB42827E99B4D00710321 /* Constants.swift in Sources */,
			);
			runOnlyForDeploymentPostprocessing = 0;
		};
/* End PBXSourcesBuildPhase section */

/* Begin PBXVariantGroup section */
		BCCDB41327E9966B00710321 /* LaunchScreen.storyboard */ = {
			isa = PBXVariantGroup;
			children = (
				BCCDB41427E9966B00710321 /* Base */,
				BC6FED4927F8971C001AE091 /* ru */,
			);
			name = LaunchScreen.storyboard;
			sourceTree = "<group>";
		};
/* End PBXVariantGroup section */

/* Begin XCBuildConfiguration section */
		BCCDB41727E9966B00710321 /* Debug */ = {
			isa = XCBuildConfiguration;
			buildSettings = {
				ALWAYS_SEARCH_USER_PATHS = NO;
				CLANG_ANALYZER_LOCALIZABILITY_NONLOCALIZED = YES;
				CLANG_ANALYZER_NONNULL = YES;
				CLANG_ANALYZER_NUMBER_OBJECT_CONVERSION = YES_AGGRESSIVE;
				CLANG_CXX_LANGUAGE_STANDARD = "gnu++17";
				CLANG_CXX_LIBRARY = "libc++";
				CLANG_ENABLE_MODULES = YES;
				CLANG_ENABLE_OBJC_ARC = YES;
				CLANG_ENABLE_OBJC_WEAK = YES;
				CLANG_WARN_BLOCK_CAPTURE_AUTORELEASING = YES;
				CLANG_WARN_BOOL_CONVERSION = YES;
				CLANG_WARN_COMMA = YES;
				CLANG_WARN_CONSTANT_CONVERSION = YES;
				CLANG_WARN_DEPRECATED_OBJC_IMPLEMENTATIONS = YES;
				CLANG_WARN_DIRECT_OBJC_ISA_USAGE = YES_ERROR;
				CLANG_WARN_DOCUMENTATION_COMMENTS = YES;
				CLANG_WARN_EMPTY_BODY = YES;
				CLANG_WARN_ENUM_CONVERSION = YES;
				CLANG_WARN_INFINITE_RECURSION = YES;
				CLANG_WARN_INT_CONVERSION = YES;
				CLANG_WARN_NON_LITERAL_NULL_CONVERSION = YES;
				CLANG_WARN_OBJC_IMPLICIT_RETAIN_SELF = YES;
				CLANG_WARN_OBJC_LITERAL_CONVERSION = YES;
				CLANG_WARN_OBJC_ROOT_CLASS = YES_ERROR;
				CLANG_WARN_QUOTED_INCLUDE_IN_FRAMEWORK_HEADER = YES;
				CLANG_WARN_RANGE_LOOP_ANALYSIS = YES;
				CLANG_WARN_STRICT_PROTOTYPES = YES;
				CLANG_WARN_SUSPICIOUS_MOVE = YES;
				CLANG_WARN_UNGUARDED_AVAILABILITY = YES_AGGRESSIVE;
				CLANG_WARN_UNREACHABLE_CODE = YES;
				CLANG_WARN__DUPLICATE_METHOD_MATCH = YES;
				COPY_PHASE_STRIP = NO;
				DEBUG_INFORMATION_FORMAT = dwarf;
				ENABLE_STRICT_OBJC_MSGSEND = YES;
				ENABLE_TESTABILITY = YES;
				GCC_C_LANGUAGE_STANDARD = gnu11;
				GCC_DYNAMIC_NO_PIC = NO;
				GCC_NO_COMMON_BLOCKS = YES;
				GCC_OPTIMIZATION_LEVEL = 0;
				GCC_PREPROCESSOR_DEFINITIONS = (
					"DEBUG=1",
					"$(inherited)",
				);
				GCC_WARN_64_TO_32_BIT_CONVERSION = YES;
				GCC_WARN_ABOUT_RETURN_TYPE = YES_ERROR;
				GCC_WARN_UNDECLARED_SELECTOR = YES;
				GCC_WARN_UNINITIALIZED_AUTOS = YES_AGGRESSIVE;
				GCC_WARN_UNUSED_FUNCTION = YES;
				GCC_WARN_UNUSED_VARIABLE = YES;
				IPHONEOS_DEPLOYMENT_TARGET = 15.2;
				MTL_ENABLE_DEBUG_INFO = INCLUDE_SOURCE;
				MTL_FAST_MATH = YES;
				ONLY_ACTIVE_ARCH = YES;
				SDKROOT = iphoneos;
				SWIFT_ACTIVE_COMPILATION_CONDITIONS = DEBUG;
				SWIFT_OPTIMIZATION_LEVEL = "-Onone";
			};
			name = Debug;
		};
		BCCDB41827E9966B00710321 /* Release */ = {
			isa = XCBuildConfiguration;
			buildSettings = {
				ALWAYS_SEARCH_USER_PATHS = NO;
				CLANG_ANALYZER_LOCALIZABILITY_NONLOCALIZED = YES;
				CLANG_ANALYZER_NONNULL = YES;
				CLANG_ANALYZER_NUMBER_OBJECT_CONVERSION = YES_AGGRESSIVE;
				CLANG_CXX_LANGUAGE_STANDARD = "gnu++17";
				CLANG_CXX_LIBRARY = "libc++";
				CLANG_ENABLE_MODULES = YES;
				CLANG_ENABLE_OBJC_ARC = YES;
				CLANG_ENABLE_OBJC_WEAK = YES;
				CLANG_WARN_BLOCK_CAPTURE_AUTORELEASING = YES;
				CLANG_WARN_BOOL_CONVERSION = YES;
				CLANG_WARN_COMMA = YES;
				CLANG_WARN_CONSTANT_CONVERSION = YES;
				CLANG_WARN_DEPRECATED_OBJC_IMPLEMENTATIONS = YES;
				CLANG_WARN_DIRECT_OBJC_ISA_USAGE = YES_ERROR;
				CLANG_WARN_DOCUMENTATION_COMMENTS = YES;
				CLANG_WARN_EMPTY_BODY = YES;
				CLANG_WARN_ENUM_CONVERSION = YES;
				CLANG_WARN_INFINITE_RECURSION = YES;
				CLANG_WARN_INT_CONVERSION = YES;
				CLANG_WARN_NON_LITERAL_NULL_CONVERSION = YES;
				CLANG_WARN_OBJC_IMPLICIT_RETAIN_SELF = YES;
				CLANG_WARN_OBJC_LITERAL_CONVERSION = YES;
				CLANG_WARN_OBJC_ROOT_CLASS = YES_ERROR;
				CLANG_WARN_QUOTED_INCLUDE_IN_FRAMEWORK_HEADER = YES;
				CLANG_WARN_RANGE_LOOP_ANALYSIS = YES;
				CLANG_WARN_STRICT_PROTOTYPES = YES;
				CLANG_WARN_SUSPICIOUS_MOVE = YES;
				CLANG_WARN_UNGUARDED_AVAILABILITY = YES_AGGRESSIVE;
				CLANG_WARN_UNREACHABLE_CODE = YES;
				CLANG_WARN__DUPLICATE_METHOD_MATCH = YES;
				COPY_PHASE_STRIP = NO;
				DEBUG_INFORMATION_FORMAT = "dwarf-with-dsym";
				ENABLE_NS_ASSERTIONS = NO;
				ENABLE_STRICT_OBJC_MSGSEND = YES;
				GCC_C_LANGUAGE_STANDARD = gnu11;
				GCC_NO_COMMON_BLOCKS = YES;
				GCC_WARN_64_TO_32_BIT_CONVERSION = YES;
				GCC_WARN_ABOUT_RETURN_TYPE = YES_ERROR;
				GCC_WARN_UNDECLARED_SELECTOR = YES;
				GCC_WARN_UNINITIALIZED_AUTOS = YES_AGGRESSIVE;
				GCC_WARN_UNUSED_FUNCTION = YES;
				GCC_WARN_UNUSED_VARIABLE = YES;
				IPHONEOS_DEPLOYMENT_TARGET = 15.2;
				MTL_ENABLE_DEBUG_INFO = NO;
				MTL_FAST_MATH = YES;
				SDKROOT = iphoneos;
				SWIFT_COMPILATION_MODE = wholemodule;
				SWIFT_OPTIMIZATION_LEVEL = "-O";
				VALIDATE_PRODUCT = YES;
			};
			name = Release;
		};
		BCCDB41A27E9966B00710321 /* Debug */ = {
			isa = XCBuildConfiguration;
			baseConfigurationReference = 883D81DAE1FA5AAD4008AC75 /* Pods-PhotoPicker.debug.xcconfig */;
			buildSettings = {
				ASSETCATALOG_COMPILER_APPICON_NAME = AppIcon;
				ASSETCATALOG_COMPILER_GLOBAL_ACCENT_COLOR_NAME = AccentColor;
				CODE_SIGN_STYLE = Automatic;
				CURRENT_PROJECT_VERSION = 1;
				DEVELOPMENT_TEAM = 66MJ3YNVA6;
				GENERATE_INFOPLIST_FILE = YES;
				INFOPLIST_FILE = PhotoPicker/Info.plist;
				INFOPLIST_KEY_UIApplicationSupportsIndirectInputEvents = YES;
				INFOPLIST_KEY_UILaunchStoryboardName = LaunchScreen;
				INFOPLIST_KEY_UISupportedInterfaceOrientations = UIInterfaceOrientationPortrait;
				INFOPLIST_KEY_UISupportedInterfaceOrientations_iPad = "UIInterfaceOrientationPortrait UIInterfaceOrientationPortraitUpsideDown UIInterfaceOrientationLandscapeLeft UIInterfaceOrientationLandscapeRight";
				INFOPLIST_KEY_UISupportedInterfaceOrientations_iPhone = "UIInterfaceOrientationPortrait UIInterfaceOrientationLandscapeLeft UIInterfaceOrientationLandscapeRight";
				LD_RUNPATH_SEARCH_PATHS = (
					"$(inherited)",
					"@executable_path/Frameworks",
				);
				LIBRARY_SEARCH_PATHS = (
					"$(inherited)",
					"$(PROJECT_DIR)/PhotoPicker/RealmPhotoAlbum-master/Pods/Realm/core",
				);
				MARKETING_VERSION = 1.0;
				PRODUCT_BUNDLE_IDENTIFIER = tms.tsvetkov.PhotoPicker;
				PRODUCT_NAME = "$(TARGET_NAME)";
				SWIFT_EMIT_LOC_STRINGS = YES;
				SWIFT_VERSION = 5.0;
				TARGETED_DEVICE_FAMILY = "1,2";
			};
			name = Debug;
		};
		BCCDB41B27E9966B00710321 /* Release */ = {
			isa = XCBuildConfiguration;
			baseConfigurationReference = F081B0E5FDF67FA062C58B35 /* Pods-PhotoPicker.release.xcconfig */;
			buildSettings = {
				ASSETCATALOG_COMPILER_APPICON_NAME = AppIcon;
				ASSETCATALOG_COMPILER_GLOBAL_ACCENT_COLOR_NAME = AccentColor;
				CODE_SIGN_STYLE = Automatic;
				CURRENT_PROJECT_VERSION = 1;
				DEVELOPMENT_TEAM = 66MJ3YNVA6;
				GENERATE_INFOPLIST_FILE = YES;
				INFOPLIST_FILE = PhotoPicker/Info.plist;
				INFOPLIST_KEY_UIApplicationSupportsIndirectInputEvents = YES;
				INFOPLIST_KEY_UILaunchStoryboardName = LaunchScreen;
				INFOPLIST_KEY_UISupportedInterfaceOrientations = UIInterfaceOrientationPortrait;
				INFOPLIST_KEY_UISupportedInterfaceOrientations_iPad = "UIInterfaceOrientationPortrait UIInterfaceOrientationPortraitUpsideDown UIInterfaceOrientationLandscapeLeft UIInterfaceOrientationLandscapeRight";
				INFOPLIST_KEY_UISupportedInterfaceOrientations_iPhone = "UIInterfaceOrientationPortrait UIInterfaceOrientationLandscapeLeft UIInterfaceOrientationLandscapeRight";
				LD_RUNPATH_SEARCH_PATHS = (
					"$(inherited)",
					"@executable_path/Frameworks",
				);
				LIBRARY_SEARCH_PATHS = (
					"$(inherited)",
					"$(PROJECT_DIR)/PhotoPicker/RealmPhotoAlbum-master/Pods/Realm/core",
				);
				MARKETING_VERSION = 1.0;
				PRODUCT_BUNDLE_IDENTIFIER = tms.tsvetkov.PhotoPicker;
				PRODUCT_NAME = "$(TARGET_NAME)";
				SWIFT_EMIT_LOC_STRINGS = YES;
				SWIFT_VERSION = 5.0;
				TARGETED_DEVICE_FAMILY = "1,2";
			};
			name = Release;
		};
/* End XCBuildConfiguration section */

/* Begin XCConfigurationList section */
		BCCDB40027E9966300710321 /* Build configuration list for PBXProject "PhotoPicker" */ = {
			isa = XCConfigurationList;
			buildConfigurations = (
				BCCDB41727E9966B00710321 /* Debug */,
				BCCDB41827E9966B00710321 /* Release */,
			);
			defaultConfigurationIsVisible = 0;
			defaultConfigurationName = Release;
		};
		BCCDB41927E9966B00710321 /* Build configuration list for PBXNativeTarget "PhotoPicker" */ = {
			isa = XCConfigurationList;
			buildConfigurations = (
				BCCDB41A27E9966B00710321 /* Debug */,
				BCCDB41B27E9966B00710321 /* Release */,
			);
			defaultConfigurationIsVisible = 0;
			defaultConfigurationName = Release;
		};
/* End XCConfigurationList section */
	};
	rootObject = BCCDB3FD27E9966300710321 /* Project object */;
}
